{
  "name": "@bsull/eryx",
  "version": "0.6.0",
  "lockfileVersion": 3,
  "requires": true,
  "packages": {
    "": {
      "name": "@bsull/eryx",
      "version": "0.6.0",
      "license": "MIT OR Apache-2.0",
      "dependencies": {
        "@bytecodealliance/preview2-shim": "^0.24.0"
      }
    },
    "node_modules/@bytecodealliance/jco-node-fs": {
      "version": "0.3.2",
      "resolved": "https://registry.npmjs.org/@bytecodealliance/jco-node-fs/-/jco-node-fs-0.3.2.tgz",
      "integrity": "sha512-yxvqQreNcOQdMsEKZomkSqThtkxrAz3f1Cmy8BsV0UHi9saa2/D1KDB14IAXPYwDq/maS6lCzS+MuMQx6QkUgA==",
      "license": "(Apache-2.0 WITH LLVM-exception)",
      "engines": {
        "node": ">=20"
      },
      "optionalDependencies": {
        "@bytecodealliance/jco-node-fs-darwin-arm64": "0.3.2",
        "@bytecodealliance/jco-node-fs-darwin-x64": "0.3.2",
        "@bytecodealliance/jco-node-fs-linux-arm64-gnu": "0.3.2",
        "@bytecodealliance/jco-node-fs-linux-arm64-musl": "0.3.2",
        "@bytecodealliance/jco-node-fs-linux-x64-gnu": "0.3.2",
        "@bytecodealliance/jco-node-fs-linux-x64-musl": "0.3.2",
        "@bytecodealliance/jco-node-fs-win32-arm64-msvc": "0.3.2",
        "@bytecodealliance/jco-node-fs-win32-x64-msvc": "0.3.2"
      }
    },
    "node_modules/@bytecodealliance/jco-node-fs-darwin-arm64": {
      "version": "0.3.2",
      "resolved": "https://registry.npmjs.org/@bytecodealliance/jco-node-fs-darwin-arm64/-/jco-node-fs-darwin-arm64-0.3.2.tgz",
      "integrity": "sha512-WXQq1tRVUWhbK+ImH0G8Kni2AR0sdokLf/KyXRw5P6n4A9ZbgMHOuPfN/PEsYgw4eosuTAonutK0xILk/hA81A==",
      "cpu": [
        "arm64"
      ],
      "license": "(Apache-2.0 WITH LLVM-exception)",
      "optional": true,
      "os": [
        "darwin"
      ],
      "engines": {
        "node": ">=20"
      }
    },
    "node_modules/@bytecodealliance/jco-node-fs-darwin-x64": {
      "version": "0.3.2",
      "resolved": "https://registry.npmjs.org/@bytecodealliance/jco-node-fs-darwin-x64/-/jco-node-fs-darwin-x64-0.3.2.tgz",
      "integrity": "sha512-Fy/OjHnto7hNE5ksewVkmAMXG/uXyj+RAKFZWQFTzFkp73UyT5vuPjKq3nvx9KolUGWBG37BudEMb4ZAoD9TbQ==",
      "cpu": [
        "x64"
      ],
      "license": "(Apache-2.0 WITH LLVM-exception)",
      "optional": true,
      "os": [
        "darwin"
      ],
      "engines": {
        "node": ">=20"
      }
    },
    "node_modules/@bytecodealliance/jco-node-fs-linux-arm64-gnu": {
      "version": "0.3.2",
      "resolved": "https://registry.npmjs.org/@bytecodealliance/jco-node-fs-linux-arm64-gnu/-/jco-node-fs-linux-arm64-gnu-0.3.2.tgz",
      "integrity": "sha512-OafRtRu3tfOFQARfkia/LDEqSo2R3yAL1xPwzf4RcRW6JqkOY7qKWsUS5+LPVo/aFaSkMX7F7bdFGpFPmcoZJg==",
      "cpu": [
        "arm64"
      ],
      "libc": [
        "glibc"
      ],
      "license": "(Apache-2.0 WITH LLVM-exception)",
      "optional": true,
      "os": [
        "linux"
      ],
      "engines": {
        "node": ">=20"
      }
    },
    "node_modules/@bytecodealliance/jco-node-fs-linux-arm64-musl": {
      "version": "0.3.2",
      "resolved": "https://registry.npmjs.org/@bytecodealliance/jco-node-fs-linux-arm64-musl/-/jco-node-fs-linux-arm64-musl-0.3.2.tgz",
      "integrity": "sha512-JblDiwD7+Y+w0d/tjaNDX4QdGvh5lyuDc+S/jDeT7sYA1caA9yiwIjLa8PC/lm2xudqSxD+Cuy4AosXvl+qI0g==",
      "cpu": [
        "arm64"
      ],
      "libc": [
        "musl"
      ],
      "license": "(Apache-2.0 WITH LLVM-exception)",
      "optional": true,
      "os": [
        "linux"
      ],
      "engines": {
        "node": ">=20"
      }
    },
    "node_modules/@bytecodealliance/jco-node-fs-linux-x64-gnu": {
      "version": "0.3.2",
      "resolved": "https://registry.npmjs.org/@bytecodealliance/jco-node-fs-linux-x64-gnu/-/jco-node-fs-linux-x64-gnu-0.3.2.tgz",
      "integrity": "sha512-6FzmHoLOsa6b4X9AuFLsvlpNF66Dt4sRRftZHaT1I1pYzCWrJkkpgNJhRXxf67ZPmOwBZJT4dan/g752Rx4xRw==",
      "cpu": [
        "x64"
      ],
      "libc": [
        "glibc"
      ],
      "license": "(Apache-2.0 WITH LLVM-exception)",
      "optional": true,
      "os": [
        "linux"
      ],
      "engines": {
        "node": ">=20"
      }
    },
    "node_modules/@bytecodealliance/jco-node-fs-linux-x64-musl": {
      "version": "0.3.2",
      "resolved": "https://registry.npmjs.org/@bytecodealliance/jco-node-fs-linux-x64-musl/-/jco-node-fs-linux-x64-musl-0.3.2.tgz",
      "integrity": "sha512-SbAJG2PDV8YAHBESHU9sVSckOitJyvlezdF4CGP5/mOp01JnijVkLVXzGK62yVSfa5TpAybbSd1rk+v36NAW/Q==",
      "cpu": [
        "x64"
      ],
      "libc": [
        "musl"
      ],
      "license": "(Apache-2.0 WITH LLVM-exception)",
      "optional": true,
      "os": [
        "linux"
      ],
      "engines": {
        "node": ">=20"
      }
    },
    "node_modules/@bytecodealliance/jco-node-fs-win32-arm64-msvc": {
      "version": "0.3.2",
      "resolved": "https://registry.npmjs.org/@bytecodealliance/jco-node-fs-win32-arm64-msvc/-/jco-node-fs-win32-arm64-msvc-0.3.2.tgz",
      "integrity": "sha512-nUWYdFysRQJGsIOCk0KAYN2smkNYiHG7rZ7m+0ZXqP+5wqWxKEjkDsORwXiBjdaWFLVww0anZ3SBxrju6P7hXQ==",
      "cpu": [
        "arm64"
      ],
      "license": "(Apache-2.0 WITH LLVM-exception)",
      "optional": true,
      "os": [
        "win32"
      ],
      "engines": {
        "node": ">=20"
      }
    },
    "node_modules/@bytecodealliance/jco-node-fs-win32-x64-msvc": {
      "version": "0.3.2",
      "resolved": "https://registry.npmjs.org/@bytecodealliance/jco-node-fs-win32-x64-msvc/-/jco-node-fs-win32-x64-msvc-0.3.2.tgz",
      "integrity": "sha512-RsPj2t8TvltsMWK7/Z7JcVC/IWPMi07/AJkNLiNTCuGTdT/sseqTThJJwhuz3sjFw7dJdxA+bSGT+23y/KT0fw==",
      "cpu": [
        "x64"
      ],
      "license": "(Apache-2.0 WITH LLVM-exception)",
      "optional": true,
      "os": [
        "win32"
      ],
      "engines": {
        "node": ">=20"
      }
    },
    "node_modules/@bytecodealliance/preview2-shim": {
      "version": "0.24.1",
      "resolved": "https://registry.npmjs.org/@bytecodealliance/preview2-shim/-/preview2-shim-0.24.1.tgz",
      "integrity": "sha512-QGZsKD5M76xBhwu3BzLWqYDEpaMX90QWrrfhkQPn2pN9t378koumtdAVH4lr25mqGCZt10YNXkWvyWkw/vJbLQ==",
      "license": "(Apache-2.0 WITH LLVM-exception)",
      "dependencies": {
        "@bytecodealliance/jco-node-fs": "0.3.2"
      }
    }
  }
}
