{
  "name": "@bsull/eryx",
  "version": "0.6.0",
  "lockfileVersion": 3,
  "requires": true,
  "packages": {
    "": {
      "name": "@bsull/eryx",
      "version": "0.6.0",
      "license": "MIT OR Apache-2.0",
      "dependencies": {
        "@bytecodealliance/preview2-shim": "^0.22.0"
      }
    },
    "node_modules/@bytecodealliance/jco-node-fs": {
      "version": "0.2.0",
      "resolved": "https://registry.npmjs.org/@bytecodealliance/jco-node-fs/-/jco-node-fs-0.2.0.tgz",
      "integrity": "sha512-AnEbgoANBlFYtrLtiV3Ht6N+uc/8oMA5WFRxPm54tZ161F8FYP00cTqnbB/FQaN6oU8G27zMElpxcQqv8lXuKA==",
      "license": "(Apache-2.0 WITH LLVM-exception)",
      "engines": {
        "node": ">=20"
      },
      "optionalDependencies": {
        "@bytecodealliance/jco-node-fs-darwin-arm64": "0.2.0",
        "@bytecodealliance/jco-node-fs-darwin-x64": "0.2.0",
        "@bytecodealliance/jco-node-fs-linux-arm64-gnu": "0.2.0",
        "@bytecodealliance/jco-node-fs-linux-arm64-musl": "0.2.0",
        "@bytecodealliance/jco-node-fs-linux-x64-gnu": "0.2.0",
        "@bytecodealliance/jco-node-fs-linux-x64-musl": "0.2.0",
        "@bytecodealliance/jco-node-fs-win32-arm64-msvc": "0.2.0",
        "@bytecodealliance/jco-node-fs-win32-x64-msvc": "0.2.0"
      }
    },
    "node_modules/@bytecodealliance/jco-node-fs-darwin-arm64": {
      "version": "0.2.0",
      "resolved": "https://registry.npmjs.org/@bytecodealliance/jco-node-fs-darwin-arm64/-/jco-node-fs-darwin-arm64-0.2.0.tgz",
      "integrity": "sha512-+Nu0mjp6TiR+QcY1TRbJeG70u4370eM6Kk9BkzeUuAKn920IAJJ8wFU05OKRsCXwiCSHm/A0DDcZM/TVy7gXhw==",
      "cpu": [
        "arm64"
      ],
      "license": "(Apache-2.0 WITH LLVM-exception)",
      "optional": true,
      "os": [
        "darwin"
      ],
      "engines": {
        "node": ">=20"
      }
    },
    "node_modules/@bytecodealliance/jco-node-fs-darwin-x64": {
      "version": "0.2.0",
      "resolved": "https://registry.npmjs.org/@bytecodealliance/jco-node-fs-darwin-x64/-/jco-node-fs-darwin-x64-0.2.0.tgz",
      "integrity": "sha512-HUF+dPyBBAnIbYuL7EdmdfA7kj0F2ceQ5szNTF0HCPrPCoTtP1oWYtNEx4N6zLC5hZ2hJc01BeRgBfWJ1i6JRw==",
      "cpu": [
        "x64"
      ],
      "license": "(Apache-2.0 WITH LLVM-exception)",
      "optional": true,
      "os": [
        "darwin"
      ],
      "engines": {
        "node": ">=20"
      }
    },
    "node_modules/@bytecodealliance/jco-node-fs-linux-arm64-gnu": {
      "version": "0.2.0",
      "resolved": "https://registry.npmjs.org/@bytecodealliance/jco-node-fs-linux-arm64-gnu/-/jco-node-fs-linux-arm64-gnu-0.2.0.tgz",
      "integrity": "sha512-OOPNHz8T6gJJjuteRMVpgHuNKDADgTafaelqy2RUj5hSqRHV+18Rf+mvHdL5Ci0fqG3DCwCmlQIqIEC6yJwOcQ==",
      "cpu": [
        "arm64"
      ],
      "libc": [
        "glibc"
      ],
      "license": "(Apache-2.0 WITH LLVM-exception)",
      "optional": true,
      "os": [
        "linux"
      ],
      "engines": {
        "node": ">=20"
      }
    },
    "node_modules/@bytecodealliance/jco-node-fs-linux-arm64-musl": {
      "version": "0.2.0",
      "resolved": "https://registry.npmjs.org/@bytecodealliance/jco-node-fs-linux-arm64-musl/-/jco-node-fs-linux-arm64-musl-0.2.0.tgz",
      "integrity": "sha512-jPxTJtd5CZkBbSrPLdZMeiAfGgSpI1E5bnJRgEQN7TZ/Ivwt3Ci6cOa+R1szb9owtQ9sqbTFapLJx3iggOEFKQ==",
      "cpu": [
        "arm64"
      ],
      "libc": [
        "musl"
      ],
      "license": "(Apache-2.0 WITH LLVM-exception)",
      "optional": true,
      "os": [
        "linux"
      ],
      "engines": {
        "node": ">=20"
      }
    },
    "node_modules/@bytecodealliance/jco-node-fs-linux-x64-gnu": {
      "version": "0.2.0",
      "resolved": "https://registry.npmjs.org/@bytecodealliance/jco-node-fs-linux-x64-gnu/-/jco-node-fs-linux-x64-gnu-0.2.0.tgz",
      "integrity": "sha512-IZ6oWJrQc37HOyf0GUJ21g3b1ArHfLEclQQiuTQ23f/Iy4OMVNhWwLV45R6HKQh5Mxqkr4t3k5lGRCcIFhC80g==",
      "cpu": [
        "x64"
      ],
      "libc": [
        "glibc"
      ],
      "license": "(Apache-2.0 WITH LLVM-exception)",
      "optional": true,
      "os": [
        "linux"
      ],
      "engines": {
        "node": ">=20"
      }
    },
    "node_modules/@bytecodealliance/jco-node-fs-linux-x64-musl": {
      "version": "0.2.0",
      "resolved": "https://registry.npmjs.org/@bytecodealliance/jco-node-fs-linux-x64-musl/-/jco-node-fs-linux-x64-musl-0.2.0.tgz",
      "integrity": "sha512-ozWEq/79+yp7Anj0qt936DXJUmAS/p/Bf8OJj9Uj5zMOoEnFzyCdvta5u86HbLA8oE4FuU64vf6QjLfRpCvzxw==",
      "cpu": [
        "x64"
      ],
      "libc": [
        "musl"
      ],
      "license": "(Apache-2.0 WITH LLVM-exception)",
      "optional": true,
      "os": [
        "linux"
      ],
      "engines": {
        "node": ">=20"
      }
    },
    "node_modules/@bytecodealliance/jco-node-fs-win32-arm64-msvc": {
      "version": "0.2.0",
      "resolved": "https://registry.npmjs.org/@bytecodealliance/jco-node-fs-win32-arm64-msvc/-/jco-node-fs-win32-arm64-msvc-0.2.0.tgz",
      "integrity": "sha512-9NxrGFRmCqRav82PJ0gm9y4KMFtCRti9BykufdEA2GH+R5pAjaBPbCFmlZvaLWfLVover38xcOhn/KL7ZN+xpg==",
      "cpu": [
        "arm64"
      ],
      "license": "(Apache-2.0 WITH LLVM-exception)",
      "optional": true,
      "os": [
        "win32"
      ],
      "engines": {
        "node": ">=20"
      }
    },
    "node_modules/@bytecodealliance/jco-node-fs-win32-x64-msvc": {
      "version": "0.2.0",
      "resolved": "https://registry.npmjs.org/@bytecodealliance/jco-node-fs-win32-x64-msvc/-/jco-node-fs-win32-x64-msvc-0.2.0.tgz",
      "integrity": "sha512-kp1pcPZEvgIeoQX9rCkwqrAhfH6ZE6sEvgFwlW0BagNHVzWcCnA2PEFM7UaeycasF6YPhjuc+wK6PsAe0QR1pg==",
      "cpu": [
        "x64"
      ],
      "license": "(Apache-2.0 WITH LLVM-exception)",
      "optional": true,
      "os": [
        "win32"
      ],
      "engines": {
        "node": ">=20"
      }
    },
    "node_modules/@bytecodealliance/preview2-shim": {
      "version": "0.22.0",
      "resolved": "https://registry.npmjs.org/@bytecodealliance/preview2-shim/-/preview2-shim-0.22.0.tgz",
      "integrity": "sha512-xQclicSPicWpEkCJ7f4JiI1JuxZcktmVExh++fDxerPfP+MknUd7Yx3jjk5R9uYhTD9bdefYHw8J0zehXGQL1A==",
      "license": "(Apache-2.0 WITH LLVM-exception)",
      "dependencies": {
        "@bytecodealliance/jco-node-fs": "0.2.0"
      }
    }
  }
}
