{
  "name": "@bsull/eryx",
  "version": "0.6.0",
  "lockfileVersion": 3,
  "requires": true,
  "packages": {
    "": {
      "name": "@bsull/eryx",
      "version": "0.6.0",
      "license": "MIT OR Apache-2.0",
      "dependencies": {
        "@bytecodealliance/preview2-shim": "^0.21.0"
      }
    },
    "node_modules/@bytecodealliance/preview2-shim": {
      "version": "0.21.0",
      "resolved": "https://registry.npmjs.org/@bytecodealliance/preview2-shim/-/preview2-shim-0.21.0.tgz",
      "integrity": "sha512-rl1NnsvBlL6Q912BUkYotiZ6L/LE8SJUnvJOuElp/kjULHnAaz8Zn4qeBiiiRmQcoZGYXXrW5dhEbPeYtcxXXQ==",
      "license": "(Apache-2.0 WITH LLVM-exception)"
    }
  }
}
